{
  "name": "k8s-hello-worlds",
  "lockfileVersion": 2,
  "requires": true,
  "packages": {
    "": {
      "dependencies": {
        "@achrinza/node-ipc": "^9.2.4"
      }
    },
    "node_modules/@achrinza/node-ipc": {
      "version": "9.2.4",
      "resolved": "https://registry.npmjs.org/@achrinza/node-ipc/-/node-ipc-9.2.4.tgz",
      "integrity": "sha512-HFSo3A2+BqUmtygZTIEhFhJuAOnvr+ZatdnoCnPvyhO9AdGrbcpG1VSCUHvC2d1hyZTFGmmViRhh5r8iUEor1g==",
      "dependencies": {
        "@node-ipc/js-queue": "2.0.3",
        "event-pubsub": "4.3.0",
        "js-message": "1.0.7"
      },
      "engines": {
        "node": "8 || 9 || 10 || 11 || 12 || 13 || 14 || 15 || 16 || 17 | 18"
      }
    },
    "node_modules/@node-ipc/js-queue": {
      "version": "2.0.3",
      "resolved": "https://registry.npmjs.org/@node-ipc/js-queue/-/js-queue-2.0.3.tgz",
      "integrity": "sha512-fL1wpr8hhD5gT2dA1qifeVaoDFlQR5es8tFuKqjHX+kdOtdNHnxkVZbtIrR2rxnMFvehkjaZRNV2H/gPXlb0hw==",
      "dependencies": {
        "easy-stack": "1.0.1"
      },
      "engines": {
        "node": ">=1.0.0"
      }
    },
    "node_modules/easy-stack": {
      "version": "1.0.1",
      "resolved": "https://registry.npmjs.org/easy-stack/-/easy-stack-1.0.1.tgz",
      "integrity": "sha512-wK2sCs4feiiJeFXn3zvY0p41mdU5VUgbgs1rNsc/y5ngFUijdWd+iIN8eoyuZHKB8xN6BL4PdWmzqFmxNg6V2w==",
      "engines": {
        "node": ">=6.0.0"
      }
    },
    "node_modules/event-pubsub": {
      "version": "4.3.0",
      "resolved": "https://registry.npmjs.org/event-pubsub/-/event-pubsub-4.3.0.tgz",
      "integrity": "sha512-z7IyloorXvKbFx9Bpie2+vMJKKx1fH1EN5yiTfp8CiLOTptSYy1g8H4yDpGlEdshL1PBiFtBHepF2cNsqeEeFQ==",
      "engines": {
        "node": ">=4.0.0"
      }
    },
    "node_modules/js-message": {
      "version": "1.0.7",
      "resolved": "https://registry.npmjs.org/js-message/-/js-message-1.0.7.tgz",
      "integrity": "sha512-efJLHhLjIyKRewNS9EGZ4UpI8NguuL6fKkhRxVuMmrGV2xN/0APGdQYwLFky5w9naebSZ0OwAGp0G6/2Cg90rA==",
      "engines": {
        "node": ">=0.6.0"
      }
    }
  },
  "dependencies": {
    "@achrinza/node-ipc": {
      "version": "9.2.4",
      "resolved": "https://registry.npmjs.org/@achrinza/node-ipc/-/node-ipc-9.2.4.tgz",
      "integrity": "sha512-HFSo3A2+BqUmtygZTIEhFhJuAOnvr+ZatdnoCnPvyhO9AdGrbcpG1VSCUHvC2d1hyZTFGmmViRhh5r8iUEor1g==",
      "requires": {
        "@node-ipc/js-queue": "2.0.3",
        "event-pubsub": "4.3.0",
        "js-message": "1.0.7"
      }
    },
    "@node-ipc/js-queue": {
      "version": "2.0.3",
      "resolved": "https://registry.npmjs.org/@node-ipc/js-queue/-/js-queue-2.0.3.tgz",
      "integrity": "sha512-fL1wpr8hhD5gT2dA1qifeVaoDFlQR5es8tFuKqjHX+kdOtdNHnxkVZbtIrR2rxnMFvehkjaZRNV2H/gPXlb0hw==",
      "requires": {
        "easy-stack": "1.0.1"
      }
    },
    "easy-stack": {
      "version": "1.0.1",
      "resolved": "https://registry.npmjs.org/easy-stack/-/easy-stack-1.0.1.tgz",
      "integrity": "sha512-wK2sCs4feiiJeFXn3zvY0p41mdU5VUgbgs1rNsc/y5ngFUijdWd+iIN8eoyuZHKB8xN6BL4PdWmzqFmxNg6V2w=="
    },
    "event-pubsub": {
      "version": "4.3.0",
      "resolved": "https://registry.npmjs.org/event-pubsub/-/event-pubsub-4.3.0.tgz",
      "integrity": "sha512-z7IyloorXvKbFx9Bpie2+vMJKKx1fH1EN5yiTfp8CiLOTptSYy1g8H4yDpGlEdshL1PBiFtBHepF2cNsqeEeFQ=="
    },
    "js-message": {
      "version": "1.0.7",
      "resolved": "https://registry.npmjs.org/js-message/-/js-message-1.0.7.tgz",
      "integrity": "sha512-efJLHhLjIyKRewNS9EGZ4UpI8NguuL6fKkhRxVuMmrGV2xN/0APGdQYwLFky5w9naebSZ0OwAGp0G6/2Cg90rA=="
    }
  }
}
